<?xml version="1.0" encoding="utf-8"?>
<Project ToolsVersion="4.0" xmlns="http://schemas.microsoft.com/developer/msbuild/2003">
  <ItemGroup>
    <Filter Include="DX12Lib">
      <UniqueIdentifier>{4cf826d2-fe7a-4457-9ab7-0a1daa073c40}</UniqueIdentifier>
    </Filter>
    <Filter Include="App2">
      <UniqueIdentifier>{5c142b30-7457-466d-b0fd-bbfe9d7c3dad}</UniqueIdentifier>
    </Filter>
    <Filter Include="App2\Shaders">
      <UniqueIdentifier>{1e06c0df-f4b8-4d1b-8bf3-d142bca7b1b1}</UniqueIdentifier>
    </Filter>
    <Filter Include="App3">
      <UniqueIdentifier>{8334f026-291d-4d2a-a332-ed09fba6fcbf}</UniqueIdentifier>
    </Filter>
    <Filter Include="App3\Shaders">
      <UniqueIdentifier>{92cbc2f0-a089-4257-be3b-9160fe374ea9}</UniqueIdentifier>
    </Filter>
    <Filter Include="Hidden">
      <UniqueIdentifier>{518ff92b-f1c6-4461-819e-e4dda5315e65}</UniqueIdentifier>
    </Filter>
    <Filter Include="External">
      <UniqueIdentifier>{e3db7f11-7882-4545-a63e-ad350c34bcbb}</UniqueIdentifier>
    </Filter>
    <Filter Include="External\DearGPU">
      <UniqueIdentifier>{06705ef1-ba36-4ff0-bf8b-647b9f5db6fe}</UniqueIdentifier>
    </Filter>
    <Filter Include="Renderer">
      <UniqueIdentifier>{0e215b98-22ab-4336-9bbb-6ce5ada1ac21}</UniqueIdentifier>
    </Filter>
    <Filter Include="External\glm">
      <UniqueIdentifier>{d7093c42-6028-4f7a-89bf-d6329bc0e25a}</UniqueIdentifier>
    </Filter>
  </ItemGroup>
  <ItemGroup>
    <FxCompile Include="App2\shaders\VertexShader.hlsl">
      <Filter>App2</Filter>
    </FxCompile>
    <FxCompile Include="App2\shaders\PixelShader.hlsl">
      <Filter>App2</Filter>
    </FxCompile>
    <FxCompile Include="App3\shaders\Raytracing.hlsl">
      <Filter>App3\Shaders</Filter>
    </FxCompile>
    <FxCompile Include="App3\shaders\cellular.hlsl">
      <Filter>App3\Shaders</Filter>
    </FxCompile>
    <FxCompile Include="App3\shaders\Helper.hlsl">
      <Filter>App3\Shaders</Filter>
    </FxCompile>
    <FxCompile Include="App3\shaders\Reservoir.hlsl">
      <Filter>App3\Shaders</Filter>
    </FxCompile>
    <FxCompile Include="App3\shaders\GfxForAll.hlsl">
      <Filter>App3\Shaders</Filter>
    </FxCompile>
  </ItemGroup>
  <ItemGroup>
    <ClCompile Include="DX12Lib\HighResolutionClock.cpp">
      <Filter>DX12Lib</Filter>
    </ClCompile>
    <ClCompile Include="DX12Lib\Window.cpp">
      <Filter>DX12Lib</Filter>
    </ClCompile>
    <ClCompile Include="DX12Lib\Application.cpp">
      <Filter>DX12Lib</Filter>
    </ClCompile>
    <ClCompile Include="DX12Lib\CommandQueue.cpp">
      <Filter>DX12Lib</Filter>
    </ClCompile>
    <ClCompile Include="DX12Lib\DX12LibPCH.cpp">
      <Filter>DX12Lib</Filter>
    </ClCompile>
    <ClCompile Include="DX12Lib\Game.cpp">
      <Filter>DX12Lib</Filter>
    </ClCompile>
    <ClCompile Include="main.cpp" />
    <ClCompile Include="App2\App2.cpp">
      <Filter>App2</Filter>
    </ClCompile>
    <ClCompile Include="App3\App3.cpp">
      <Filter>App3</Filter>
    </ClCompile>
    <ClCompile Include="DX12Lib\Helpers.cpp">
      <Filter>DX12Lib</Filter>
    </ClCompile>
    <ClCompile Include="RelativeMouseInput.cpp">
      <Filter>Hidden</Filter>
    </ClCompile>
    <ClCompile Include="Mathlib.cpp">
      <Filter>Hidden</Filter>
    </ClCompile>
    <ClCompile Include="DX12Lib\AppBase.cpp">
      <Filter>DX12Lib</Filter>
    </ClCompile>
    <ClCompile Include="DX12Lib\DescriptorHeap.cpp">
      <Filter>DX12Lib</Filter>
    </ClCompile>
    <ClCompile Include="external\DearGPU\LineReader.cpp">
      <Filter>External\DearGPU</Filter>
    </ClCompile>
    <ClCompile Include="external\DearGPU\OBJMeshLoader.cpp">
      <Filter>External\DearGPU</Filter>
    </ClCompile>
    <ClCompile Include="external\DearGPU\CommonFileSystem.cpp">
      <Filter>External\DearGPU</Filter>
    </ClCompile>
    <ClCompile Include="external\DearGPU\forsyth.cpp">
      <Filter>External\DearGPU</Filter>
    </ClCompile>
    <ClCompile Include="external\DearGPU\FBVHTree.cpp">
      <Filter>External\DearGPU</Filter>
    </ClCompile>
    <ClCompile Include="Mock12.cpp">
      <Filter>Hidden</Filter>
    </ClCompile>
    <ClCompile Include="DataBlock.cpp">
      <Filter>Renderer</Filter>
    </ClCompile>
    <ClCompile Include="Renderer.cpp">
      <Filter>Renderer</Filter>
    </ClCompile>
    <ClCompile Include="Mesh.cpp">
      <Filter>Renderer</Filter>
    </ClCompile>
    <ClCompile Include="RenderScene.cpp">
      <Filter>Renderer</Filter>
    </ClCompile>
    <ClCompile Include="Splats.cpp" />
  </ItemGroup>
  <ItemGroup>
    <ClInclude Include="DX12Lib\HighResolutionClock.h">
      <Filter>DX12Lib</Filter>
    </ClInclude>
    <ClInclude Include="DX12Lib\KeyCodes.h">
      <Filter>DX12Lib</Filter>
    </ClInclude>
    <ClInclude Include="DX12Lib\resource.h">
      <Filter>DX12Lib</Filter>
    </ClInclude>
    <ClInclude Include="DX12Lib\Window.h">
      <Filter>DX12Lib</Filter>
    </ClInclude>
    <ClInclude Include="DX12Lib\Application.h">
      <Filter>DX12Lib</Filter>
    </ClInclude>
    <ClInclude Include="DX12Lib\CommandQueue.h">
      <Filter>DX12Lib</Filter>
    </ClInclude>
    <ClInclude Include="DX12Lib\d3dx12.h">
      <Filter>DX12Lib</Filter>
    </ClInclude>
    <ClInclude Include="DX12Lib\DX12LibPCH.h">
      <Filter>DX12Lib</Filter>
    </ClInclude>
    <ClInclude Include="DX12Lib\Events.h">
      <Filter>DX12Lib</Filter>
    </ClInclude>
    <ClInclude Include="DX12Lib\Game.h">
      <Filter>DX12Lib</Filter>
    </ClInclude>
    <ClInclude Include="DX12Lib\Helpers.h">
      <Filter>DX12Lib</Filter>
    </ClInclude>
    <ClInclude Include="App2\App2.h">
      <Filter>App2</Filter>
    </ClInclude>
    <ClInclude Include="App3\App3.h">
      <Filter>App3</Filter>
    </ClInclude>
    <ClInclude Include="App3\shaders\RaytracingHlslCompat.h">
      <Filter>App3\Shaders</Filter>
    </ClInclude>
    <ClInclude Include="RelativeMouseInput.h">
      <Filter>Hidden</Filter>
    </ClInclude>
    <ClInclude Include="Mathlib.h">
      <Filter>Hidden</Filter>
    </ClInclude>
    <ClInclude Include="DX12Lib\AppBase.h">
      <Filter>DX12Lib</Filter>
    </ClInclude>
    <ClInclude Include="DX12Lib\DescriptorHeap.h">
      <Filter>DX12Lib</Filter>
    </ClInclude>
    <ClInclude Include="external\DearGPU\OBJMeshLoader.h">
      <Filter>External\DearGPU</Filter>
    </ClInclude>
    <ClInclude Include="external\DearGPU\LineReader.h">
      <Filter>External\DearGPU</Filter>
    </ClInclude>
    <ClInclude Include="external\DearGPU\deargpu.h">
      <Filter>External\DearGPU</Filter>
    </ClInclude>
    <ClInclude Include="external\DearGPU\CommonFileSystem.h">
      <Filter>External\DearGPU</Filter>
    </ClInclude>
    <ClInclude Include="external\DearGPU\SimpleIndexedMesh.h">
      <Filter>External\DearGPU</Filter>
    </ClInclude>
    <ClInclude Include="external\DearGPU\TangentSpaceCalculation.h">
      <Filter>External\DearGPU</Filter>
    </ClInclude>
    <ClInclude Include="external\DearGPU\forsyth.h">
      <Filter>External\DearGPU</Filter>
    </ClInclude>
    <ClInclude Include="external\DearGPU\FBVHTree.h">
      <Filter>External\DearGPU</Filter>
    </ClInclude>
    <ClInclude Include="external\DearGPU\BBox3F.h">
      <Filter>External\DearGPU</Filter>
    </ClInclude>
    <ClInclude Include="Mock12.h">
      <Filter>Hidden</Filter>
    </ClInclude>
    <ClInclude Include="external\stb_image.h">
      <Filter>External</Filter>
    </ClInclude>
    <ClInclude Include="global.h" />
    <ClInclude Include="DataBlock.h">
      <Filter>Renderer</Filter>
    </ClInclude>
    <ClInclude Include="Renderer.h">
      <Filter>Renderer</Filter>
    </ClInclude>
    <ClInclude Include="Mesh.h">
      <Filter>Renderer</Filter>
    </ClInclude>
    <ClInclude Include="RenderScene.h">
      <Filter>Renderer</Filter>
    </ClInclude>
    <ClInclude Include="external\glm\mat4x3.hpp">
      <Filter>External\glm</Filter>
    </ClInclude>
    <ClInclude Include="external\glm\mat4x4.hpp">
      <Filter>External\glm</Filter>
    </ClInclude>
    <ClInclude Include="external\glm\matrix.hpp">
      <Filter>External\glm</Filter>
    </ClInclude>
    <ClInclude Include="external\glm\vec2.hpp">
      <Filter>External\glm</Filter>
    </ClInclude>
    <ClInclude Include="external\glm\vec3.hpp">
      <Filter>External\glm</Filter>
    </ClInclude>
    <ClInclude Include="external\glm\vec4.hpp">
      <Filter>External\glm</Filter>
    </ClInclude>
    <ClInclude Include="external\glm\common.hpp">
      <Filter>External\glm</Filter>
    </ClInclude>
    <ClInclude Include="external\glm\exponential.hpp">
      <Filter>External\glm</Filter>
    </ClInclude>
    <ClInclude Include="external\glm\ext.hpp">
      <Filter>External\glm</Filter>
    </ClInclude>
    <ClInclude Include="external\glm\fwd.hpp">
      <Filter>External\glm</Filter>
    </ClInclude>
    <ClInclude Include="external\glm\geometric.hpp">
      <Filter>External\glm</Filter>
    </ClInclude>
    <ClInclude Include="external\glm\glm.hpp">
      <Filter>External\glm</Filter>
    </ClInclude>
    <ClInclude Include="external\glm\integer.hpp">
      <Filter>External\glm</Filter>
    </ClInclude>
    <ClInclude Include="external\glm\mat2x2.hpp">
      <Filter>External\glm</Filter>
    </ClInclude>
    <ClInclude Include="external\glm\mat2x3.hpp">
      <Filter>External\glm</Filter>
    </ClInclude>
    <ClInclude Include="external\glm\mat2x4.hpp">
      <Filter>External\glm</Filter>
    </ClInclude>
    <ClInclude Include="external\glm\mat3x2.hpp">
      <Filter>External\glm</Filter>
    </ClInclude>
    <ClInclude Include="external\glm\mat3x3.hpp">
      <Filter>External\glm</Filter>
    </ClInclude>
    <ClInclude Include="external\glm\mat3x4.hpp">
      <Filter>External\glm</Filter>
    </ClInclude>
    <ClInclude Include="external\glm\mat4x2.hpp">
      <Filter>External\glm</Filter>
    </ClInclude>
    <ClInclude Include="external\glm\packing.hpp">
      <Filter>External\glm</Filter>
    </ClInclude>
    <ClInclude Include="external\glm\trigonometric.hpp">
      <Filter>External\glm</Filter>
    </ClInclude>
    <ClInclude Include="external\glm\vector_relational.hpp">
      <Filter>External\glm</Filter>
    </ClInclude>
    <ClInclude Include="Camera.h" />
    <ClInclude Include="Splats.h" />
    <ClInclude Include="ReflectionHelper.h" />
    <ClInclude Include="DataDefinitions.h" />
    <ClInclude Include="VertexDefinitions.h" />
  </ItemGroup>
  <ItemGroup>
    <Text Include="ReadMe.txt" />
    <Text Include="external\glm\CMakeLists.txt">
      <Filter>External\glm</Filter>
    </Text>
  </ItemGroup>
  <ItemGroup>
    <ResourceCompile Include="DX12Lib\DX12Lib.rc">
      <Filter>DX12Lib</Filter>
    </ResourceCompile>
  </ItemGroup>
  <ItemGroup>
    <None Include="readme.md" />
  </ItemGroup>
</Project>