<?xml version="1.0" encoding="utf-8"?>
<Project ToolsVersion="4.0" xmlns="http://schemas.microsoft.com/developer/msbuild/2003">
  <ItemGroup>
    <Filter Include="DX12Lib">
      <UniqueIdentifier>{4cf826d2-fe7a-4457-9ab7-0a1daa073c40}</UniqueIdentifier>
    </Filter>
    <Filter Include="App2">
      <UniqueIdentifier>{5c142b30-7457-466d-b0fd-bbfe9d7c3dad}</UniqueIdentifier>
    </Filter>
    <Filter Include="App2\Shaders">
      <UniqueIdentifier>{1e06c0df-f4b8-4d1b-8bf3-d142bca7b1b1}</UniqueIdentifier>
    </Filter>
    <Filter Include="App3">
      <UniqueIdentifier>{8334f026-291d-4d2a-a332-ed09fba6fcbf}</UniqueIdentifier>
    </Filter>
    <Filter Include="App3\Shaders">
      <UniqueIdentifier>{92cbc2f0-a089-4257-be3b-9160fe374ea9}</UniqueIdentifier>
    </Filter>
    <Filter Include="Hidden">
      <UniqueIdentifier>{518ff92b-f1c6-4461-819e-e4dda5315e65}</UniqueIdentifier>
    </Filter>
  </ItemGroup>
  <ItemGroup>
    <FxCompile Include="App2\shaders\VertexShader.hlsl">
      <Filter>App2</Filter>
    </FxCompile>
    <FxCompile Include="App2\shaders\PixelShader.hlsl">
      <Filter>App2</Filter>
    </FxCompile>
    <FxCompile Include="App3\shaders\Raytracing.hlsl">
      <Filter>App3\Shaders</Filter>
    </FxCompile>
    <FxCompile Include="App3\shaders\cellular.hlsl">
      <Filter>App3\Shaders</Filter>
    </FxCompile>
    <FxCompile Include="App3\shaders\Helper.hlsl">
      <Filter>App3\Shaders</Filter>
    </FxCompile>
  </ItemGroup>
  <ItemGroup>
    <ClCompile Include="DX12Lib\HighResolutionClock.cpp">
      <Filter>DX12Lib</Filter>
    </ClCompile>
    <ClCompile Include="DX12Lib\Window.cpp">
      <Filter>DX12Lib</Filter>
    </ClCompile>
    <ClCompile Include="DX12Lib\Application.cpp">
      <Filter>DX12Lib</Filter>
    </ClCompile>
    <ClCompile Include="DX12Lib\CommandQueue.cpp">
      <Filter>DX12Lib</Filter>
    </ClCompile>
    <ClCompile Include="DX12Lib\DX12LibPCH.cpp">
      <Filter>DX12Lib</Filter>
    </ClCompile>
    <ClCompile Include="DX12Lib\Game.cpp">
      <Filter>DX12Lib</Filter>
    </ClCompile>
    <ClCompile Include="main.cpp" />
    <ClCompile Include="App2\App2.cpp">
      <Filter>App2</Filter>
    </ClCompile>
    <ClCompile Include="App3\App3.cpp">
      <Filter>App3</Filter>
    </ClCompile>
    <ClCompile Include="DX12Lib\Helpers.cpp">
      <Filter>DX12Lib</Filter>
    </ClCompile>
    <ClCompile Include="RelativeMouseInput.cpp">
      <Filter>Hidden</Filter>
    </ClCompile>
    <ClCompile Include="Mathlib.cpp">
      <Filter>Hidden</Filter>
    </ClCompile>
    <ClCompile Include="Mock12.cpp" />
    <ClCompile Include="DX12Lib\AppBase.cpp">
      <Filter>DX12Lib</Filter>
    </ClCompile>
    <ClCompile Include="DX12Lib\Mesh.cpp">
      <Filter>DX12Lib</Filter>
    </ClCompile>
    <ClCompile Include="DX12Lib\Renderer.cpp">
      <Filter>DX12Lib</Filter>
    </ClCompile>
    <ClCompile Include="DX12Lib\DescriptorHeap.cpp">
      <Filter>DX12Lib</Filter>
    </ClCompile>
  </ItemGroup>
  <ItemGroup>
    <ClInclude Include="DX12Lib\HighResolutionClock.h">
      <Filter>DX12Lib</Filter>
    </ClInclude>
    <ClInclude Include="DX12Lib\KeyCodes.h">
      <Filter>DX12Lib</Filter>
    </ClInclude>
    <ClInclude Include="DX12Lib\resource.h">
      <Filter>DX12Lib</Filter>
    </ClInclude>
    <ClInclude Include="DX12Lib\Window.h">
      <Filter>DX12Lib</Filter>
    </ClInclude>
    <ClInclude Include="DX12Lib\Application.h">
      <Filter>DX12Lib</Filter>
    </ClInclude>
    <ClInclude Include="DX12Lib\CommandQueue.h">
      <Filter>DX12Lib</Filter>
    </ClInclude>
    <ClInclude Include="DX12Lib\d3dx12.h">
      <Filter>DX12Lib</Filter>
    </ClInclude>
    <ClInclude Include="DX12Lib\DX12LibPCH.h">
      <Filter>DX12Lib</Filter>
    </ClInclude>
    <ClInclude Include="DX12Lib\Events.h">
      <Filter>DX12Lib</Filter>
    </ClInclude>
    <ClInclude Include="DX12Lib\Game.h">
      <Filter>DX12Lib</Filter>
    </ClInclude>
    <ClInclude Include="DX12Lib\Helpers.h">
      <Filter>DX12Lib</Filter>
    </ClInclude>
    <ClInclude Include="App2\App2.h">
      <Filter>App2</Filter>
    </ClInclude>
    <ClInclude Include="App3\App3.h">
      <Filter>App3</Filter>
    </ClInclude>
    <ClInclude Include="App3\shaders\RaytracingHlslCompat.h">
      <Filter>App3\Shaders</Filter>
    </ClInclude>
    <ClInclude Include="RelativeMouseInput.h">
      <Filter>Hidden</Filter>
    </ClInclude>
    <ClInclude Include="Mathlib.h">
      <Filter>Hidden</Filter>
    </ClInclude>
    <ClInclude Include="App3\external\tiny_obj_loader.h">
      <Filter>Hidden</Filter>
    </ClInclude>
    <ClInclude Include="Mock12.h" />
    <ClInclude Include="DX12Lib\AppBase.h">
      <Filter>DX12Lib</Filter>
    </ClInclude>
    <ClInclude Include="DX12Lib\Mesh.h">
      <Filter>DX12Lib</Filter>
    </ClInclude>
    <ClInclude Include="DX12Lib\Renderer.h">
      <Filter>DX12Lib</Filter>
    </ClInclude>
    <ClInclude Include="DX12Lib\DescriptorHeap.h">
      <Filter>DX12Lib</Filter>
    </ClInclude>
  </ItemGroup>
  <ItemGroup>
    <Text Include="DX12Lib\CMakeLists.txt">
      <Filter>DX12Lib</Filter>
    </Text>
    <Text Include="ReadMe.txt" />
  </ItemGroup>
  <ItemGroup>
    <ResourceCompile Include="DX12Lib\DX12Lib.rc">
      <Filter>DX12Lib</Filter>
    </ResourceCompile>
  </ItemGroup>
</Project>